
Microsoft Visual Studio Solution File, Format Version 12.00
# Visual Studio Version 16
VisualStudioVersion = 16.0.29215.179
MinimumVisualStudioVersion = 10.0.40219.1
Project("{F184B08F-C81C-45F6-A57F-5ABD9991F28F}") = "FunWithFlags", "FunWithFlags\FunWithFlags.vbproj", "{C367562C-D8F2-4056-9080-3D2EEBE11517}"
EndProject
Global
	GlobalSection(SolutionConfigurationPlatforms) = preSolution
		Debug|Any CPU = Debug|Any CPU
		Release|Any CPU = Release|Any CPU
	EndGlobalSection
	GlobalSection(ProjectConfigurationPlatforms) = postSolution
		{C367562C-D8F2-4056-9080-3D2EEBE11517}.Debug|Any CPU.ActiveCfg = Debug|Any CPU
		{C367562C-D8F2-4056-9080-3D2EEBE11517}.Debug|Any CPU.Build.0 = Debug|Any CPU
		{C367562C-D8F2-4056-9080-3D2EEBE11517}.Release|Any CPU.ActiveCfg = Release|Any CPU
		{C367562C-D8F2-4056-9080-3D2EEBE11517}.Release|Any CPU.Build.0 = Release|Any CPU
	EndGlobalSection
	GlobalSection(SolutionProperties) = preSolution
		HideSolutionNode = FALSE
	EndGlobalSection
	GlobalSection(ExtensibilityGlobals) = postSolution
		SolutionGuid = {571DE46A-8EBF-4D52-AE36-515D5CF0088E}
	EndGlobalSection
EndGlobal
